# This file is autogenerated, do not edit; changes may be undone by the next 'dep ensure'.


[[projects]]
  branch = "master"
  name = "github.com/fatih/camelcase"
  packages = ["."]
  revision = "44e46d280b43ec1531bb25252440e34f1b800b65"

[solve-meta]
  analyzer-name = "dep"
  analyzer-version = 1
  inputs-digest = "4f8913bc533ec267274d3fb3ddf51b71dd8736e979ef9caa5c8bdea471491369"
  solver-name = "gps-cdcl"
  solver-version = 1
